
Microsoft Visual Studio Solution File, Format Version 12.00
# Visual Studio Version 17
VisualStudioVersion = 17.0.31903.59
MinimumVisualStudioVersion = 10.0.40219.1
Project("{2150E333-8FDC-42A3-9474-1A3956D46DE8}") = "src", "src", "{827E0CD3-B72D-47B6-A68D-7590B98EB39B}"
EndProject
Project("{FAE04EC0-301F-11D3-BF4B-00C04F79EFBC}") = "Game.Contracts", "src\Game.Contracts\Game.Contracts.csproj", "{D2BCCD2F-A3DC-4786-AADD-470D97B100EE}"
EndProject
Project("{FAE04EC0-301F-11D3-BF4B-00C04F79EFBC}") = "Game.Persistence", "src\Game.Persistence\Game.Persistence.csproj", "{1A6BE916-C759-4265-B6AD-18B24E0761A2}"
EndProject
Project("{FAE04EC0-301F-11D3-BF4B-00C04F79EFBC}") = "Game.ServiceDefaults", "src\Game.ServiceDefaults\Game.ServiceDefaults.csproj", "{D869C9F4-0702-4061-A015-1628A2D9017A}"
EndProject
Project("{FAE04EC0-301F-11D3-BF4B-00C04F79EFBC}") = "Game.EventLog", "src\Game.EventLog\Game.EventLog.csproj", "{E504DA81-77DE-4704-9EE3-E4324D319A68}"
EndProject
Project("{FAE04EC0-301F-11D3-BF4B-00C04F79EFBC}") = "Game.Progression", "src\Game.Progression\Game.Progression.csproj", "{B93654CB-85FE-4F67-98CE-7FA1B5C6430D}"
EndProject
Project("{FAE04EC0-301F-11D3-BF4B-00C04F79EFBC}") = "Game.Simulation", "src\Game.Simulation\Game.Simulation.csproj", "{40C844E2-8BE0-4FD2-9252-DF8A02263E99}"
EndProject
Project("{FAE04EC0-301F-11D3-BF4B-00C04F79EFBC}") = "Game.OperatorApi", "src\Game.OperatorApi\Game.OperatorApi.csproj", "{0913D726-BAD1-49AD-95EE-9373C1D70555}"
EndProject
Project("{FAE04EC0-301F-11D3-BF4B-00C04F79EFBC}") = "Game.Gateway", "src\Game.Gateway\Game.Gateway.csproj", "{F4A708F9-A1AA-44B3-B602-9E7A764A3CAB}"
EndProject
Project("{2150E333-8FDC-42A3-9474-1A3956D46DE8}") = "tests", "tests", "{0AB3BF05-4346-4AA6-1389-037BE0695223}"
EndProject
Project("{FAE04EC0-301F-11D3-BF4B-00C04F79EFBC}") = "Game.Contracts.Tests", "tests\Game.Contracts.Tests\Game.Contracts.Tests.csproj", "{CFB1768B-9217-4CB3-A5C8-FC863303C151}"
EndProject
Project("{FAE04EC0-301F-11D3-BF4B-00C04F79EFBC}") = "Game.Simulation.Tests", "tests\Game.Simulation.Tests\Game.Simulation.Tests.csproj", "{359372C4-73B3-47CD-BF51-B12C17900F4B}"
EndProject
Project("{FAE04EC0-301F-11D3-BF4B-00C04F79EFBC}") = "Game.Gateway.Tests", "tests\Game.Gateway.Tests\Game.Gateway.Tests.csproj", "{70D53824-E661-4CDD-B490-BB39866C81FC}"
EndProject
Global
	GlobalSection(SolutionConfigurationPlatforms) = preSolution
		Debug|Any CPU = Debug|Any CPU
		Debug|x64 = Debug|x64
		Debug|x86 = Debug|x86
		Release|Any CPU = Release|Any CPU
		Release|x64 = Release|x64
		Release|x86 = Release|x86
	EndGlobalSection
	GlobalSection(ProjectConfigurationPlatforms) = postSolution
		{D2BCCD2F-A3DC-4786-AADD-470D97B100EE}.Debug|Any CPU.ActiveCfg = Debug|Any CPU
		{D2BCCD2F-A3DC-4786-AADD-470D97B100EE}.Debug|Any CPU.Build.0 = Debug|Any CPU
		{D2BCCD2F-A3DC-4786-AADD-470D97B100EE}.Debug|x64.ActiveCfg = Debug|Any CPU
		{D2BCCD2F-A3DC-4786-AADD-470D97B100EE}.Debug|x64.Build.0 = Debug|Any CPU
		{D2BCCD2F-A3DC-4786-AADD-470D97B100EE}.Debug|x86.ActiveCfg = Debug|Any CPU
		{D2BCCD2F-A3DC-4786-AADD-470D97B100EE}.Debug|x86.Build.0 = Debug|Any CPU
		{D2BCCD2F-A3DC-4786-AADD-470D97B100EE}.Release|Any CPU.ActiveCfg = Release|Any CPU
		{D2BCCD2F-A3DC-4786-AADD-470D97B100EE}.Release|Any CPU.Build.0 = Release|Any CPU
		{D2BCCD2F-A3DC-4786-AADD-470D97B100EE}.Release|x64.ActiveCfg = Release|Any CPU
		{D2BCCD2F-A3DC-4786-AADD-470D97B100EE}.Release|x64.Build.0 = Release|Any CPU
		{D2BCCD2F-A3DC-4786-AADD-470D97B100EE}.Release|x86.ActiveCfg = Release|Any CPU
		{D2BCCD2F-A3DC-4786-AADD-470D97B100EE}.Release|x86.Build.0 = Release|Any CPU
		{1A6BE916-C759-4265-B6AD-18B24E0761A2}.Debug|Any CPU.ActiveCfg = Debug|Any CPU
		{1A6BE916-C759-4265-B6AD-18B24E0761A2}.Debug|Any CPU.Build.0 = Debug|Any CPU
		{1A6BE916-C759-4265-B6AD-18B24E0761A2}.Debug|x64.ActiveCfg = Debug|Any CPU
		{1A6BE916-C759-4265-B6AD-18B24E0761A2}.Debug|x64.Build.0 = Debug|Any CPU
		{1A6BE916-C759-4265-B6AD-18B24E0761A2}.Debug|x86.ActiveCfg = Debug|Any CPU
		{1A6BE916-C759-4265-B6AD-18B24E0761A2}.Debug|x86.Build.0 = Debug|Any CPU
		{1A6BE916-C759-4265-B6AD-18B24E0761A2}.Release|Any CPU.ActiveCfg = Release|Any CPU
		{1A6BE916-C759-4265-B6AD-18B24E0761A2}.Release|Any CPU.Build.0 = Release|Any CPU
		{1A6BE916-C759-4265-B6AD-18B24E0761A2}.Release|x64.ActiveCfg = Release|Any CPU
		{1A6BE916-C759-4265-B6AD-18B24E0761A2}.Release|x64.Build.0 = Release|Any CPU
		{1A6BE916-C759-4265-B6AD-18B24E0761A2}.Release|x86.ActiveCfg = Release|Any CPU
		{1A6BE916-C759-4265-B6AD-18B24E0761A2}.Release|x86.Build.0 = Release|Any CPU
		{D869C9F4-0702-4061-A015-1628A2D9017A}.Debug|Any CPU.ActiveCfg = Debug|Any CPU
		{D869C9F4-0702-4061-A015-1628A2D9017A}.Debug|Any CPU.Build.0 = Debug|Any CPU
		{D869C9F4-0702-4061-A015-1628A2D9017A}.Debug|x64.ActiveCfg = Debug|Any CPU
		{D869C9F4-0702-4061-A015-1628A2D9017A}.Debug|x64.Build.0 = Debug|Any CPU
		{D869C9F4-0702-4061-A015-1628A2D9017A}.Debug|x86.ActiveCfg = Debug|Any CPU
		{D869C9F4-0702-4061-A015-1628A2D9017A}.Debug|x86.Build.0 = Debug|Any CPU
		{D869C9F4-0702-4061-A015-1628A2D9017A}.Release|Any CPU.ActiveCfg = Release|Any CPU
		{D869C9F4-0702-4061-A015-1628A2D9017A}.Release|Any CPU.Build.0 = Release|Any CPU
		{D869C9F4-0702-4061-A015-1628A2D9017A}.Release|x64.ActiveCfg = Release|Any CPU
		{D869C9F4-0702-4061-A015-1628A2D9017A}.Release|x64.Build.0 = Release|Any CPU
		{D869C9F4-0702-4061-A015-1628A2D9017A}.Release|x86.ActiveCfg = Release|Any CPU
		{D869C9F4-0702-4061-A015-1628A2D9017A}.Release|x86.Build.0 = Release|Any CPU
		{E504DA81-77DE-4704-9EE3-E4324D319A68}.Debug|Any CPU.ActiveCfg = Debug|Any CPU
		{E504DA81-77DE-4704-9EE3-E4324D319A68}.Debug|Any CPU.Build.0 = Debug|Any CPU
		{E504DA81-77DE-4704-9EE3-E4324D319A68}.Debug|x64.ActiveCfg = Debug|Any CPU
		{E504DA81-77DE-4704-9EE3-E4324D319A68}.Debug|x64.Build.0 = Debug|Any CPU
		{E504DA81-77DE-4704-9EE3-E4324D319A68}.Debug|x86.ActiveCfg = Debug|Any CPU
		{E504DA81-77DE-4704-9EE3-E4324D319A68}.Debug|x86.Build.0 = Debug|Any CPU
		{E504DA81-77DE-4704-9EE3-E4324D319A68}.Release|Any CPU.ActiveCfg = Release|Any CPU
		{E504DA81-77DE-4704-9EE3-E4324D319A68}.Release|Any CPU.Build.0 = Release|Any CPU
		{E504DA81-77DE-4704-9EE3-E4324D319A68}.Release|x64.ActiveCfg = Release|Any CPU
		{E504DA81-77DE-4704-9EE3-E4324D319A68}.Release|x64.Build.0 = Release|Any CPU
		{E504DA81-77DE-4704-9EE3-E4324D319A68}.Release|x86.ActiveCfg = Release|Any CPU
		{E504DA81-77DE-4704-9EE3-E4324D319A68}.Release|x86.Build.0 = Release|Any CPU
		{B93654CB-85FE-4F67-98CE-7FA1B5C6430D}.Debug|Any CPU.ActiveCfg = Debug|Any CPU
		{B93654CB-85FE-4F67-98CE-7FA1B5C6430D}.Debug|Any CPU.Build.0 = Debug|Any CPU
		{B93654CB-85FE-4F67-98CE-7FA1B5C6430D}.Debug|x64.ActiveCfg = Debug|Any CPU
		{B93654CB-85FE-4F67-98CE-7FA1B5C6430D}.Debug|x64.Build.0 = Debug|Any CPU
		{B93654CB-85FE-4F67-98CE-7FA1B5C6430D}.Debug|x86.ActiveCfg = Debug|Any CPU
		{B93654CB-85FE-4F67-98CE-7FA1B5C6430D}.Debug|x86.Build.0 = Debug|Any CPU
		{B93654CB-85FE-4F67-98CE-7FA1B5C6430D}.Release|Any CPU.ActiveCfg = Release|Any CPU
		{B93654CB-85FE-4F67-98CE-7FA1B5C6430D}.Release|Any CPU.Build.0 = Release|Any CPU
		{B93654CB-85FE-4F67-98CE-7FA1B5C6430D}.Release|x64.ActiveCfg = Release|Any CPU
		{B93654CB-85FE-4F67-98CE-7FA1B5C6430D}.Release|x64.Build.0 = Release|Any CPU
		{B93654CB-85FE-4F67-98CE-7FA1B5C6430D}.Release|x86.ActiveCfg = Release|Any CPU
		{B93654CB-85FE-4F67-98CE-7FA1B5C6430D}.Release|x86.Build.0 = Release|Any CPU
		{40C844E2-8BE0-4FD2-9252-DF8A02263E99}.Debug|Any CPU.ActiveCfg = Debug|Any CPU
		{40C844E2-8BE0-4FD2-9252-DF8A02263E99}.Debug|Any CPU.Build.0 = Debug|Any CPU
		{40C844E2-8BE0-4FD2-9252-DF8A02263E99}.Debug|x64.ActiveCfg = Debug|Any CPU
		{40C844E2-8BE0-4FD2-9252-DF8A02263E99}.Debug|x64.Build.0 = Debug|Any CPU
		{40C844E2-8BE0-4FD2-9252-DF8A02263E99}.Debug|x86.ActiveCfg = Debug|Any CPU
		{40C844E2-8BE0-4FD2-9252-DF8A02263E99}.Debug|x86.Build.0 = Debug|Any CPU
		{40C844E2-8BE0-4FD2-9252-DF8A02263E99}.Release|Any CPU.ActiveCfg = Release|Any CPU
		{40C844E2-8BE0-4FD2-9252-DF8A02263E99}.Release|Any CPU.Build.0 = Release|Any CPU
		{40C844E2-8BE0-4FD2-9252-DF8A02263E99}.Release|x64.ActiveCfg = Release|Any CPU
		{40C844E2-8BE0-4FD2-9252-DF8A02263E99}.Release|x64.Build.0 = Release|Any CPU
		{40C844E2-8BE0-4FD2-9252-DF8A02263E99}.Release|x86.ActiveCfg = Release|Any CPU
		{40C844E2-8BE0-4FD2-9252-DF8A02263E99}.Release|x86.Build.0 = Release|Any CPU
		{0913D726-BAD1-49AD-95EE-9373C1D70555}.Debug|Any CPU.ActiveCfg = Debug|Any CPU
		{0913D726-BAD1-49AD-95EE-9373C1D70555}.Debug|Any CPU.Build.0 = Debug|Any CPU
		{0913D726-BAD1-49AD-95EE-9373C1D70555}.Debug|x64.ActiveCfg = Debug|Any CPU
		{0913D726-BAD1-49AD-95EE-9373C1D70555}.Debug|x64.Build.0 = Debug|Any CPU
		{0913D726-BAD1-49AD-95EE-9373C1D70555}.Debug|x86.ActiveCfg = Debug|Any CPU
		{0913D726-BAD1-49AD-95EE-9373C1D70555}.Debug|x86.Build.0 = Debug|Any CPU
		{0913D726-BAD1-49AD-95EE-9373C1D70555}.Release|Any CPU.ActiveCfg = Release|Any CPU
		{0913D726-BAD1-49AD-95EE-9373C1D70555}.Release|Any CPU.Build.0 = Release|Any CPU
		{0913D726-BAD1-49AD-95EE-9373C1D70555}.Release|x64.ActiveCfg = Release|Any CPU
		{0913D726-BAD1-49AD-95EE-9373C1D70555}.Release|x64.Build.0 = Release|Any CPU
		{0913D726-BAD1-49AD-95EE-9373C1D70555}.Release|x86.ActiveCfg = Release|Any CPU
		{0913D726-BAD1-49AD-95EE-9373C1D70555}.Release|x86.Build.0 = Release|Any CPU
		{F4A708F9-A1AA-44B3-B602-9E7A764A3CAB}.Debug|Any CPU.ActiveCfg = Debug|Any CPU
		{F4A708F9-A1AA-44B3-B602-9E7A764A3CAB}.Debug|Any CPU.Build.0 = Debug|Any CPU
		{F4A708F9-A1AA-44B3-B602-9E7A764A3CAB}.Debug|x64.ActiveCfg = Debug|Any CPU
		{F4A708F9-A1AA-44B3-B602-9E7A764A3CAB}.Debug|x64.Build.0 = Debug|Any CPU
		{F4A708F9-A1AA-44B3-B602-9E7A764A3CAB}.Debug|x86.ActiveCfg = Debug|Any CPU
		{F4A708F9-A1AA-44B3-B602-9E7A764A3CAB}.Debug|x86.Build.0 = Debug|Any CPU
		{F4A708F9-A1AA-44B3-B602-9E7A764A3CAB}.Release|Any CPU.ActiveCfg = Release|Any CPU
		{F4A708F9-A1AA-44B3-B602-9E7A764A3CAB}.Release|Any CPU.Build.0 = Release|Any CPU
		{F4A708F9-A1AA-44B3-B602-9E7A764A3CAB}.Release|x64.ActiveCfg = Release|Any CPU
		{F4A708F9-A1AA-44B3-B602-9E7A764A3CAB}.Release|x64.Build.0 = Release|Any CPU
		{F4A708F9-A1AA-44B3-B602-9E7A764A3CAB}.Release|x86.ActiveCfg = Release|Any CPU
		{F4A708F9-A1AA-44B3-B602-9E7A764A3CAB}.Release|x86.Build.0 = Release|Any CPU
		{CFB1768B-9217-4CB3-A5C8-FC863303C151}.Debug|Any CPU.ActiveCfg = Debug|Any CPU
		{CFB1768B-9217-4CB3-A5C8-FC863303C151}.Debug|Any CPU.Build.0 = Debug|Any CPU
		{CFB1768B-9217-4CB3-A5C8-FC863303C151}.Debug|x64.ActiveCfg = Debug|Any CPU
		{CFB1768B-9217-4CB3-A5C8-FC863303C151}.Debug|x64.Build.0 = Debug|Any CPU
		{CFB1768B-9217-4CB3-A5C8-FC863303C151}.Debug|x86.ActiveCfg = Debug|Any CPU
		{CFB1768B-9217-4CB3-A5C8-FC863303C151}.Debug|x86.Build.0 = Debug|Any CPU
		{CFB1768B-9217-4CB3-A5C8-FC863303C151}.Release|Any CPU.ActiveCfg = Release|Any CPU
		{CFB1768B-9217-4CB3-A5C8-FC863303C151}.Release|Any CPU.Build.0 = Release|Any CPU
		{CFB1768B-9217-4CB3-A5C8-FC863303C151}.Release|x64.ActiveCfg = Release|Any CPU
		{CFB1768B-9217-4CB3-A5C8-FC863303C151}.Release|x64.Build.0 = Release|Any CPU
		{CFB1768B-9217-4CB3-A5C8-FC863303C151}.Release|x86.ActiveCfg = Release|Any CPU
		{CFB1768B-9217-4CB3-A5C8-FC863303C151}.Release|x86.Build.0 = Release|Any CPU
		{359372C4-73B3-47CD-BF51-B12C17900F4B}.Debug|Any CPU.ActiveCfg = Debug|Any CPU
		{359372C4-73B3-47CD-BF51-B12C17900F4B}.Debug|Any CPU.Build.0 = Debug|Any CPU
		{359372C4-73B3-47CD-BF51-B12C17900F4B}.Debug|x64.ActiveCfg = Debug|Any CPU
		{359372C4-73B3-47CD-BF51-B12C17900F4B}.Debug|x64.Build.0 = Debug|Any CPU
		{359372C4-73B3-47CD-BF51-B12C17900F4B}.Debug|x86.ActiveCfg = Debug|Any CPU
		{359372C4-73B3-47CD-BF51-B12C17900F4B}.Debug|x86.Build.0 = Debug|Any CPU
		{359372C4-73B3-47CD-BF51-B12C17900F4B}.Release|Any CPU.ActiveCfg = Release|Any CPU
		{359372C4-73B3-47CD-BF51-B12C17900F4B}.Release|Any CPU.Build.0 = Release|Any CPU
		{359372C4-73B3-47CD-BF51-B12C17900F4B}.Release|x64.ActiveCfg = Release|Any CPU
		{359372C4-73B3-47CD-BF51-B12C17900F4B}.Release|x64.Build.0 = Release|Any CPU
		{359372C4-73B3-47CD-BF51-B12C17900F4B}.Release|x86.ActiveCfg = Release|Any CPU
		{359372C4-73B3-47CD-BF51-B12C17900F4B}.Release|x86.Build.0 = Release|Any CPU
		{70D53824-E661-4CDD-B490-BB39866C81FC}.Debug|Any CPU.ActiveCfg = Debug|Any CPU
		{70D53824-E661-4CDD-B490-BB39866C81FC}.Debug|Any CPU.Build.0 = Debug|Any CPU
		{70D53824-E661-4CDD-B490-BB39866C81FC}.Debug|x64.ActiveCfg = Debug|Any CPU
		{70D53824-E661-4CDD-B490-BB39866C81FC}.Debug|x64.Build.0 = Debug|Any CPU
		{70D53824-E661-4CDD-B490-BB39866C81FC}.Debug|x86.ActiveCfg = Debug|Any CPU
		{70D53824-E661-4CDD-B490-BB39866C81FC}.Debug|x86.Build.0 = Debug|Any CPU
		{70D53824-E661-4CDD-B490-BB39866C81FC}.Release|Any CPU.ActiveCfg = Release|Any CPU
		{70D53824-E661-4CDD-B490-BB39866C81FC}.Release|Any CPU.Build.0 = Release|Any CPU
		{70D53824-E661-4CDD-B490-BB39866C81FC}.Release|x64.ActiveCfg = Release|Any CPU
		{70D53824-E661-4CDD-B490-BB39866C81FC}.Release|x64.Build.0 = Release|Any CPU
		{70D53824-E661-4CDD-B490-BB39866C81FC}.Release|x86.ActiveCfg = Release|Any CPU
		{70D53824-E661-4CDD-B490-BB39866C81FC}.Release|x86.Build.0 = Release|Any CPU
	EndGlobalSection
	GlobalSection(SolutionProperties) = preSolution
		HideSolutionNode = FALSE
	EndGlobalSection
	GlobalSection(NestedProjects) = preSolution
		{D2BCCD2F-A3DC-4786-AADD-470D97B100EE} = {827E0CD3-B72D-47B6-A68D-7590B98EB39B}
		{1A6BE916-C759-4265-B6AD-18B24E0761A2} = {827E0CD3-B72D-47B6-A68D-7590B98EB39B}
		{D869C9F4-0702-4061-A015-1628A2D9017A} = {827E0CD3-B72D-47B6-A68D-7590B98EB39B}
		{E504DA81-77DE-4704-9EE3-E4324D319A68} = {827E0CD3-B72D-47B6-A68D-7590B98EB39B}
		{B93654CB-85FE-4F67-98CE-7FA1B5C6430D} = {827E0CD3-B72D-47B6-A68D-7590B98EB39B}
		{40C844E2-8BE0-4FD2-9252-DF8A02263E99} = {827E0CD3-B72D-47B6-A68D-7590B98EB39B}
		{0913D726-BAD1-49AD-95EE-9373C1D70555} = {827E0CD3-B72D-47B6-A68D-7590B98EB39B}
		{F4A708F9-A1AA-44B3-B602-9E7A764A3CAB} = {827E0CD3-B72D-47B6-A68D-7590B98EB39B}
		{CFB1768B-9217-4CB3-A5C8-FC863303C151} = {0AB3BF05-4346-4AA6-1389-037BE0695223}
		{359372C4-73B3-47CD-BF51-B12C17900F4B} = {0AB3BF05-4346-4AA6-1389-037BE0695223}
		{70D53824-E661-4CDD-B490-BB39866C81FC} = {0AB3BF05-4346-4AA6-1389-037BE0695223}
	EndGlobalSection
EndGlobal
